
Microsoft Visual Studio Solution File, Format Version 12.00
# Visual Studio 15
VisualStudioVersion = 15.0.27130.2010
MinimumVisualStudioVersion = 10.0.40219.1
Project("{FAE04EC0-301F-11D3-BF4B-00C04F79EFBC}") = "ChildWatchApi", "ChildwatchApi\ChildWatchApi.csproj", "{79EC0675-C4A2-44A0-AC89-C234E86D63B5}"
EndProject
Project("{FAE04EC0-301F-11D3-BF4B-00C04F79EFBC}") = "RunTestCases", "commandline\RunTestCases.csproj", "{0BF6C526-DD10-4560-BC3E-7DA4B36ED099}"
EndProject
Project("{FAE04EC0-301F-11D3-BF4B-00C04F79EFBC}") = "Login", "login\Login.csproj", "{DE040ACA-5CF1-4F4A-879F-87641F189943}"
EndProject
Global
	GlobalSection(SolutionConfigurationPlatforms) = preSolution
		Debug|Any CPU = Debug|Any CPU
		Debug|ARM = Debug|ARM
		Debug|x64 = Debug|x64
		Debug|x86 = Debug|x86
		Release|Any CPU = Release|Any CPU
		Release|ARM = Release|ARM
		Release|x64 = Release|x64
		Release|x86 = Release|x86
	EndGlobalSection
	GlobalSection(ProjectConfigurationPlatforms) = postSolution
		{79EC0675-C4A2-44A0-AC89-C234E86D63B5}.Debug|Any CPU.ActiveCfg = Debug|Any CPU
		{79EC0675-C4A2-44A0-AC89-C234E86D63B5}.Debug|Any CPU.Build.0 = Debug|Any CPU
		{79EC0675-C4A2-44A0-AC89-C234E86D63B5}.Debug|ARM.ActiveCfg = Debug|Any CPU
		{79EC0675-C4A2-44A0-AC89-C234E86D63B5}.Debug|ARM.Build.0 = Debug|Any CPU
		{79EC0675-C4A2-44A0-AC89-C234E86D63B5}.Debug|x64.ActiveCfg = Debug|Any CPU
		{79EC0675-C4A2-44A0-AC89-C234E86D63B5}.Debug|x64.Build.0 = Debug|Any CPU
		{79EC0675-C4A2-44A0-AC89-C234E86D63B5}.Debug|x86.ActiveCfg = Debug|Any CPU
		{79EC0675-C4A2-44A0-AC89-C234E86D63B5}.Debug|x86.Build.0 = Debug|Any CPU
		{79EC0675-C4A2-44A0-AC89-C234E86D63B5}.Release|Any CPU.ActiveCfg = Release|Any CPU
		{79EC0675-C4A2-44A0-AC89-C234E86D63B5}.Release|Any CPU.Build.0 = Release|Any CPU
		{79EC0675-C4A2-44A0-AC89-C234E86D63B5}.Release|ARM.ActiveCfg = Release|Any CPU
		{79EC0675-C4A2-44A0-AC89-C234E86D63B5}.Release|ARM.Build.0 = Release|Any CPU
		{79EC0675-C4A2-44A0-AC89-C234E86D63B5}.Release|x64.ActiveCfg = Release|Any CPU
		{79EC0675-C4A2-44A0-AC89-C234E86D63B5}.Release|x64.Build.0 = Release|Any CPU
		{79EC0675-C4A2-44A0-AC89-C234E86D63B5}.Release|x86.ActiveCfg = Release|Any CPU
		{79EC0675-C4A2-44A0-AC89-C234E86D63B5}.Release|x86.Build.0 = Release|Any CPU
		{0BF6C526-DD10-4560-BC3E-7DA4B36ED099}.Debug|Any CPU.ActiveCfg = Debug|Any CPU
		{0BF6C526-DD10-4560-BC3E-7DA4B36ED099}.Debug|Any CPU.Build.0 = Debug|Any CPU
		{0BF6C526-DD10-4560-BC3E-7DA4B36ED099}.Debug|ARM.ActiveCfg = Debug|Any CPU
		{0BF6C526-DD10-4560-BC3E-7DA4B36ED099}.Debug|ARM.Build.0 = Debug|Any CPU
		{0BF6C526-DD10-4560-BC3E-7DA4B36ED099}.Debug|x64.ActiveCfg = Debug|Any CPU
		{0BF6C526-DD10-4560-BC3E-7DA4B36ED099}.Debug|x64.Build.0 = Debug|Any CPU
		{0BF6C526-DD10-4560-BC3E-7DA4B36ED099}.Debug|x86.ActiveCfg = Debug|Any CPU
		{0BF6C526-DD10-4560-BC3E-7DA4B36ED099}.Debug|x86.Build.0 = Debug|Any CPU
		{0BF6C526-DD10-4560-BC3E-7DA4B36ED099}.Release|Any CPU.ActiveCfg = Release|Any CPU
		{0BF6C526-DD10-4560-BC3E-7DA4B36ED099}.Release|Any CPU.Build.0 = Release|Any CPU
		{0BF6C526-DD10-4560-BC3E-7DA4B36ED099}.Release|ARM.ActiveCfg = Release|Any CPU
		{0BF6C526-DD10-4560-BC3E-7DA4B36ED099}.Release|ARM.Build.0 = Release|Any CPU
		{0BF6C526-DD10-4560-BC3E-7DA4B36ED099}.Release|x64.ActiveCfg = Release|Any CPU
		{0BF6C526-DD10-4560-BC3E-7DA4B36ED099}.Release|x64.Build.0 = Release|Any CPU
		{0BF6C526-DD10-4560-BC3E-7DA4B36ED099}.Release|x86.ActiveCfg = Release|Any CPU
		{0BF6C526-DD10-4560-BC3E-7DA4B36ED099}.Release|x86.Build.0 = Release|Any CPU
		{DE040ACA-5CF1-4F4A-879F-87641F189943}.Debug|Any CPU.ActiveCfg = Debug|Any CPU
		{DE040ACA-5CF1-4F4A-879F-87641F189943}.Debug|Any CPU.Build.0 = Debug|Any CPU
		{DE040ACA-5CF1-4F4A-879F-87641F189943}.Debug|ARM.ActiveCfg = Debug|Any CPU
		{DE040ACA-5CF1-4F4A-879F-87641F189943}.Debug|ARM.Build.0 = Debug|Any CPU
		{DE040ACA-5CF1-4F4A-879F-87641F189943}.Debug|x64.ActiveCfg = Debug|Any CPU
		{DE040ACA-5CF1-4F4A-879F-87641F189943}.Debug|x64.Build.0 = Debug|Any CPU
		{DE040ACA-5CF1-4F4A-879F-87641F189943}.Debug|x86.ActiveCfg = Debug|Any CPU
		{DE040ACA-5CF1-4F4A-879F-87641F189943}.Debug|x86.Build.0 = Debug|Any CPU
		{DE040ACA-5CF1-4F4A-879F-87641F189943}.Release|Any CPU.ActiveCfg = Release|Any CPU
		{DE040ACA-5CF1-4F4A-879F-87641F189943}.Release|Any CPU.Build.0 = Release|Any CPU
		{DE040ACA-5CF1-4F4A-879F-87641F189943}.Release|ARM.ActiveCfg = Release|Any CPU
		{DE040ACA-5CF1-4F4A-879F-87641F189943}.Release|ARM.Build.0 = Release|Any CPU
		{DE040ACA-5CF1-4F4A-879F-87641F189943}.Release|x64.ActiveCfg = Release|Any CPU
		{DE040ACA-5CF1-4F4A-879F-87641F189943}.Release|x64.Build.0 = Release|Any CPU
		{DE040ACA-5CF1-4F4A-879F-87641F189943}.Release|x86.ActiveCfg = Release|Any CPU
		{DE040ACA-5CF1-4F4A-879F-87641F189943}.Release|x86.Build.0 = Release|Any CPU
	EndGlobalSection
	GlobalSection(SolutionProperties) = preSolution
		HideSolutionNode = FALSE
	EndGlobalSection
	GlobalSection(ExtensibilityGlobals) = postSolution
		SolutionGuid = {6C303C77-1171-4639-8759-8DCD3CB605C5}
	EndGlobalSection
EndGlobal
